
Microsoft Visual Studio Solution File, Format Version 12.00
# Visual Studio 15
Project("{FAE04EC0-301F-11D3-BF4B-00C04F79EFBC}") = "IOLab4", "IOLab4\IOLab4.csproj", "{24C5E0F9-E6D5-4B19-9978-97F1811ED7BF}"
EndProject
Global
	GlobalSection(SolutionConfigurationPlatforms) = preSolution
		Debug|anycpu = Debug|anycpu
		Release|anycpu = Release|anycpu
	EndGlobalSection
	GlobalSection(ProjectConfigurationPlatforms) = postSolution
		{24C5E0F9-E6D5-4B19-9978-97F1811ED7BF}.Debug|anycpu.ActiveCfg = Debug|anycpu
		{24C5E0F9-E6D5-4B19-9978-97F1811ED7BF}.Debug|anycpu.Build.0 = Debug|anycpu
		{24C5E0F9-E6D5-4B19-9978-97F1811ED7BF}.Release|anycpu.ActiveCfg = Release|anycpu
		{24C5E0F9-E6D5-4B19-9978-97F1811ED7BF}.Release|anycpu.Build.0 = Release|anycpu
	EndGlobalSection
EndGlobal
