
Microsoft Visual Studio Solution File, Format Version 12.00
# Visual Studio Version 16
VisualStudioVersion = 16.0.29326.143
MinimumVisualStudioVersion = 10.0.40219.1
Project("{FAE04EC0-301F-11D3-BF4B-00C04F79EFBC}") = "Lab1", "Lab1\Lab1.csproj", "{72F1544A-AEF9-46DE-9788-3E7AE4D231FC}"
EndProject
Project("{F184B08F-C81C-45F6-A57F-5ABD9991F28F}") = "Lab1.2", "Lab1.2\Lab1.2.vbproj", "{B3A2313C-307F-4D9F-B787-B72FF1B47BF1}"
EndProject
Global
	GlobalSection(SolutionConfigurationPlatforms) = preSolution
		Debug|Any CPU = Debug|Any CPU
		Release|Any CPU = Release|Any CPU
	EndGlobalSection
	GlobalSection(ProjectConfigurationPlatforms) = postSolution
		{72F1544A-AEF9-46DE-9788-3E7AE4D231FC}.Debug|Any CPU.ActiveCfg = Debug|Any CPU
		{72F1544A-AEF9-46DE-9788-3E7AE4D231FC}.Debug|Any CPU.Build.0 = Debug|Any CPU
		{72F1544A-AEF9-46DE-9788-3E7AE4D231FC}.Release|Any CPU.ActiveCfg = Release|Any CPU
		{72F1544A-AEF9-46DE-9788-3E7AE4D231FC}.Release|Any CPU.Build.0 = Release|Any CPU
		{B3A2313C-307F-4D9F-B787-B72FF1B47BF1}.Debug|Any CPU.ActiveCfg = Debug|Any CPU
		{B3A2313C-307F-4D9F-B787-B72FF1B47BF1}.Debug|Any CPU.Build.0 = Debug|Any CPU
		{B3A2313C-307F-4D9F-B787-B72FF1B47BF1}.Release|Any CPU.ActiveCfg = Release|Any CPU
		{B3A2313C-307F-4D9F-B787-B72FF1B47BF1}.Release|Any CPU.Build.0 = Release|Any CPU
	EndGlobalSection
	GlobalSection(SolutionProperties) = preSolution
		HideSolutionNode = FALSE
	EndGlobalSection
	GlobalSection(ExtensibilityGlobals) = postSolution
		SolutionGuid = {DD6466CB-14E0-4B1E-8F20-C705ABF40CB8}
	EndGlobalSection
EndGlobal
