
Microsoft Visual Studio Solution File, Format Version 12.00
# Visual Studio Version 16
VisualStudioVersion = 16.0.29326.143
MinimumVisualStudioVersion = 10.0.40219.1
Project("{FAE04EC0-301F-11D3-BF4B-00C04F79EFBC}") = "Zad1", "Zad1\Zad1.csproj", "{D4124B4A-538E-4988-8E9D-A254486577FF}"
EndProject
Project("{FAE04EC0-301F-11D3-BF4B-00C04F79EFBC}") = "Lab2", "..\Lab2\Lab2\Lab2.csproj", "{B9DC193F-56E7-4A3D-92AF-37D61D4D3870}"
EndProject
Project("{FAE04EC0-301F-11D3-BF4B-00C04F79EFBC}") = "Zad3", "..\..\Zad3\Zad3.csproj", "{1845A674-196D-4E58-A43F-1FD7BADAD0DF}"
EndProject
Global
	GlobalSection(SolutionConfigurationPlatforms) = preSolution
		Debug|Any CPU = Debug|Any CPU
		Release|Any CPU = Release|Any CPU
	EndGlobalSection
	GlobalSection(ProjectConfigurationPlatforms) = postSolution
		{D4124B4A-538E-4988-8E9D-A254486577FF}.Debug|Any CPU.ActiveCfg = Debug|Any CPU
		{D4124B4A-538E-4988-8E9D-A254486577FF}.Debug|Any CPU.Build.0 = Debug|Any CPU
		{D4124B4A-538E-4988-8E9D-A254486577FF}.Release|Any CPU.ActiveCfg = Release|Any CPU
		{D4124B4A-538E-4988-8E9D-A254486577FF}.Release|Any CPU.Build.0 = Release|Any CPU
		{B9DC193F-56E7-4A3D-92AF-37D61D4D3870}.Debug|Any CPU.ActiveCfg = Debug|Any CPU
		{B9DC193F-56E7-4A3D-92AF-37D61D4D3870}.Debug|Any CPU.Build.0 = Debug|Any CPU
		{B9DC193F-56E7-4A3D-92AF-37D61D4D3870}.Release|Any CPU.ActiveCfg = Release|Any CPU
		{B9DC193F-56E7-4A3D-92AF-37D61D4D3870}.Release|Any CPU.Build.0 = Release|Any CPU
		{1845A674-196D-4E58-A43F-1FD7BADAD0DF}.Debug|Any CPU.ActiveCfg = Debug|Any CPU
		{1845A674-196D-4E58-A43F-1FD7BADAD0DF}.Debug|Any CPU.Build.0 = Debug|Any CPU
		{1845A674-196D-4E58-A43F-1FD7BADAD0DF}.Release|Any CPU.ActiveCfg = Release|Any CPU
		{1845A674-196D-4E58-A43F-1FD7BADAD0DF}.Release|Any CPU.Build.0 = Release|Any CPU
	EndGlobalSection
	GlobalSection(SolutionProperties) = preSolution
		HideSolutionNode = FALSE
	EndGlobalSection
	GlobalSection(ExtensibilityGlobals) = postSolution
		SolutionGuid = {12485EAE-B966-4C8D-BE83-D267D92EF1F5}
	EndGlobalSection
EndGlobal
